
Microsoft Visual Studio Solution File, Format Version 12.00
# Visual Studio 15
VisualStudioVersion = 15.0.27130.2024
MinimumVisualStudioVersion = 10.0.40219.1
Project("{FAE04EC0-301F-11D3-BF4B-00C04F79EFBC}") = "GetDotNetVersion", "GetDotNetVersion\GetDotNetVersion.csproj", "{4F554558-8F67-4A39-8F45-7A1D35E31010}"
EndProject
Global
	GlobalSection(SolutionConfigurationPlatforms) = preSolution
		Debug|Any CPU = Debug|Any CPU
		Release|Any CPU = Release|Any CPU
	EndGlobalSection
	GlobalSection(ProjectConfigurationPlatforms) = postSolution
		{4F554558-8F67-4A39-8F45-7A1D35E31010}.Debug|Any CPU.ActiveCfg = Debug|Any CPU
		{4F554558-8F67-4A39-8F45-7A1D35E31010}.Debug|Any CPU.Build.0 = Debug|Any CPU
		{4F554558-8F67-4A39-8F45-7A1D35E31010}.Release|Any CPU.ActiveCfg = Release|Any CPU
		{4F554558-8F67-4A39-8F45-7A1D35E31010}.Release|Any CPU.Build.0 = Release|Any CPU
	EndGlobalSection
	GlobalSection(SolutionProperties) = preSolution
		HideSolutionNode = FALSE
	EndGlobalSection
	GlobalSection(ExtensibilityGlobals) = postSolution
		SolutionGuid = {E942C793-5127-4B91-9870-25AD53C602B0}
	EndGlobalSection
EndGlobal
